
Microsoft Visual Studio Solution File, Format Version 12.00
# Visual Studio Version 17
VisualStudioVersion = 17.8.34322.80
MinimumVisualStudioVersion = 10.0.40219.1
Project("{FAE04EC0-301F-11D3-BF4B-00C04F79EFBC}") = "DummySLN", "DummySLN\DummySLN.csproj", "{033232DB-92B2-4AEB-88F9-1870EE40A1AA}"
EndProject
Global
	GlobalSection(SolutionConfigurationPlatforms) = preSolution
		Debug|Any CPU = Debug|Any CPU
		Release|Any CPU = Release|Any CPU
	EndGlobalSection
	GlobalSection(ProjectConfigurationPlatforms) = postSolution
		{033232DB-92B2-4AEB-88F9-1870EE40A1AA}.Debug|Any CPU.ActiveCfg = Debug|Any CPU
		{033232DB-92B2-4AEB-88F9-1870EE40A1AA}.Debug|Any CPU.Build.0 = Debug|Any CPU
		{033232DB-92B2-4AEB-88F9-1870EE40A1AA}.Release|Any CPU.ActiveCfg = Release|Any CPU
		{033232DB-92B2-4AEB-88F9-1870EE40A1AA}.Release|Any CPU.Build.0 = Release|Any CPU
	EndGlobalSection
	GlobalSection(SolutionProperties) = preSolution
		HideSolutionNode = FALSE
	EndGlobalSection
	GlobalSection(ExtensibilityGlobals) = postSolution
		SolutionGuid = {DF607BD9-F102-4005-A475-BA68C959BB48}
	EndGlobalSection
EndGlobal
